
Microsoft Visual Studio Solution File, Format Version 12.00
# Visual Studio 2013
VisualStudioVersion = 12.0.21005.1
MinimumVisualStudioVersion = 10.0.40219.1
Project("{FAE04EC0-301F-11D3-BF4B-00C04F79EFBC}") = "EvoFin", "EvoFin\EvoFin.csproj", "{BE5C23BD-7678-4816-B482-A5F524A05B9C}"
EndProject
Project("{FAE04EC0-301F-11D3-BF4B-00C04F79EFBC}") = "EvoFinTest", "EvoFinTest\EvoFinTest.csproj", "{DE2FEB92-5A9B-4EDD-87FC-4A3C2B147FCF}"
EndProject
Global
	GlobalSection(SolutionConfigurationPlatforms) = preSolution
		Debug|Any CPU = Debug|Any CPU
		Release|Any CPU = Release|Any CPU
	EndGlobalSection
	GlobalSection(ProjectConfigurationPlatforms) = postSolution
		{BE5C23BD-7678-4816-B482-A5F524A05B9C}.Debug|Any CPU.ActiveCfg = Debug|Any CPU
		{BE5C23BD-7678-4816-B482-A5F524A05B9C}.Debug|Any CPU.Build.0 = Debug|Any CPU
		{BE5C23BD-7678-4816-B482-A5F524A05B9C}.Release|Any CPU.ActiveCfg = Release|Any CPU
		{BE5C23BD-7678-4816-B482-A5F524A05B9C}.Release|Any CPU.Build.0 = Release|Any CPU
		{DE2FEB92-5A9B-4EDD-87FC-4A3C2B147FCF}.Debug|Any CPU.ActiveCfg = Debug|Any CPU
		{DE2FEB92-5A9B-4EDD-87FC-4A3C2B147FCF}.Debug|Any CPU.Build.0 = Debug|Any CPU
		{DE2FEB92-5A9B-4EDD-87FC-4A3C2B147FCF}.Release|Any CPU.ActiveCfg = Release|Any CPU
		{DE2FEB92-5A9B-4EDD-87FC-4A3C2B147FCF}.Release|Any CPU.Build.0 = Release|Any CPU
	EndGlobalSection
	GlobalSection(SolutionProperties) = preSolution
		HideSolutionNode = FALSE
	EndGlobalSection
EndGlobal
